// !$*UTF8*$!
{
	archiveVersion = 1;
	classes = {
	};
	objectVersion = 50;
	objects = {

/* Begin PBXBuildFile section */
		39C925DE22DED3E70084579B /* AppDelegate.swift in Sources */ = {isa = PBXBuildFile; fileRef = 39C925DD22DED3E70084579B /* AppDelegate.swift */; };
		39C925E322DED3E70084579B /* Main.storyboard in Resources */ = {isa = PBXBuildFile; fileRef = 39C925E122DED3E70084579B /* Main.storyboard */; };
		39C925E522DED3E90084579B /* Assets.xcassets in Resources */ = {isa = PBXBuildFile; fileRef = 39C925E422DED3E90084579B /* Assets.xcassets */; };
		39C925E822DED3E90084579B /* LaunchScreen.storyboard in Resources */ = {isa = PBXBuildFile; fileRef = 39C925E622DED3E90084579B /* LaunchScreen.storyboard */; };
		39C925F022DED9B60084579B /* TableViewController.swift in Sources */ = {isa = PBXBuildFile; fileRef = 39C925EF22DED9B60084579B /* TableViewController.swift */; };
		39C925F222DEDFD90084579B /* UItableData.plist in Resources */ = {isa = PBXBuildFile; fileRef = 39C925F122DEDFD90084579B /* UItableData.plist */; };
/* End PBXBuildFile section */

/* Begin PBXFileReference section */
		39C925DA22DED3E70084579B /* UITableView.16.app */ = {isa = PBXFileReference; explicitFileType = wrapper.application; includeInIndex = 0; path = UITableView.16.app; sourceTree = BUILT_PRODUCTS_DIR; };
		39C925DD22DED3E70084579B /* AppDelegate.swift */ = {isa = PBXFileReference; lastKnownFileType = sourcecode.swift; path = AppDelegate.swift; sourceTree = "<group>"; };
		39C925E222DED3E70084579B /* Base */ = {isa = PBXFileReference; lastKnownFileType = file.storyboard; name = Base; path = Base.lproj/Main.storyboard; sourceTree = "<group>"; };
		39C925E422DED3E90084579B /* Assets.xcassets */ = {isa = PBXFileReference; lastKnownFileType = folder.assetcatalog; path = Assets.xcassets; sourceTree = "<group>"; };
		39C925E722DED3E90084579B /* Base */ = {isa = PBXFileReference; lastKnownFileType = file.storyboard; name = Base; path = Base.lproj/LaunchScreen.storyboard; sourceTree = "<group>"; };
		39C925E922DED3E90084579B /* Info.plist */ = {isa = PBXFileReference; lastKnownFileType = text.plist.xml; path = Info.plist; sourceTree = "<group>"; };
		39C925EF22DED9B60084579B /* TableViewController.swift */ = {isa = PBXFileReference; lastKnownFileType = sourcecode.swift; path = TableViewController.swift; sourceTree = "<group>"; };
		39C925F122DEDFD90084579B /* UItableData.plist */ = {isa = PBXFileReference; lastKnownFileType = text.plist.xml; path = UItableData.plist; sourceTree = "<group>"; };
/* End PBXFileReference section */

/* Begin PBXFrameworksBuildPhase section */
		39C925D722DED3E70084579B /* Frameworks */ = {
			isa = PBXFrameworksBuildPhase;
			buildActionMask = 2147483647;
			files = (
			);
			runOnlyForDeploymentPostprocessing = 0;
		};
/* End PBXFrameworksBuildPhase section */

/* Begin PBXGroup section */
		39C925D122DED3E70084579B = {
			isa = PBXGroup;
			children = (
				39C925F122DEDFD90084579B /* UItableData.plist */,
				39C925EF22DED9B60084579B /* TableViewController.swift */,
				39C925DC22DED3E70084579B /* UITableView.16 */,
				39C925DB22DED3E70084579B /* Products */,
			);
			sourceTree = "<group>";
		};
		39C925DB22DED3E70084579B /* Products */ = {
			isa = PBXGroup;
			children = (
				39C925DA22DED3E70084579B /* UITableView.16.app */,
			);
			name = Products;
			sourceTree = "<group>";
		};
		39C925DC22DED3E70084579B /* UITableView.16 */ = {
			isa = PBXGroup;
			children = (
				39C925DD22DED3E70084579B /* AppDelegate.swift */,
				39C925E122DED3E70084579B /* Main.storyboard */,
				39C925E422DED3E90084579B /* Assets.xcassets */,
				39C925E622DED3E90084579B /* LaunchScreen.storyboard */,
				39C925E922DED3E90084579B /* Info.plist */,
			);
			path = UITableView.16;
			sourceTree = "<group>";
		};
/* End PBXGroup section */

/* Begin PBXNativeTarget section */
		39C925D922DED3E70084579B /* UITableView.16 */ = {
			isa = PBXNativeTarget;
			buildConfigurationList = 39C925EC22DED3E90084579B /* Build configuration list for PBXNativeTarget "UITableView.16" */;
			buildPhases = (
				39C925D622DED3E70084579B /* Sources */,
				39C925D722DED3E70084579B /* Frameworks */,
				39C925D822DED3E70084579B /* Resources */,
			);
			buildRules = (
			);
			dependencies = (
			);
			name = UITableView.16;
			productName = UITableView.16;
			productReference = 39C925DA22DED3E70084579B /* UITableView.16.app */;
			productType = "com.apple.product-type.application";
		};
/* End PBXNativeTarget section */

/* Begin PBXProject section */
		39C925D222DED3E70084579B /* Project object */ = {
			isa = PBXProject;
			attributes = {
				LastSwiftUpdateCheck = 1020;
				LastUpgradeCheck = 1020;
				ORGANIZATIONNAME = "nikolai ostonal";
				TargetAttributes = {
					39C925D922DED3E70084579B = {
						CreatedOnToolsVersion = 10.2.1;
					};
				};
			};
			buildConfigurationList = 39C925D522DED3E70084579B /* Build configuration list for PBXProject "UITableView.16" */;
			compatibilityVersion = "Xcode 9.3";
			developmentRegion = en;
			hasScannedForEncodings = 0;
			knownRegions = (
				en,
				Base,
			);
			mainGroup = 39C925D122DED3E70084579B;
			productRefGroup = 39C925DB22DED3E70084579B /* Products */;
			projectDirPath = "";
			projectRoot = "";
			targets = (
				39C925D922DED3E70084579B /* UITableView.16 */,
			);
		};
/* End PBXProject section */

/* Begin PBXResourcesBuildPhase section */
		39C925D822DED3E70084579B /* Resources */ = {
			isa = PBXResourcesBuildPhase;
			buildActionMask = 2147483647;
			files = (
				39C925E822DED3E90084579B /* LaunchScreen.storyboard in Resources */,
				39C925E522DED3E90084579B /* Assets.xcassets in Resources */,
				39C925E322DED3E70084579B /* Main.storyboard in Resources */,
				39C925F222DEDFD90084579B /* UItableData.plist in Resources */,
			);
			runOnlyForDeploymentPostprocessing = 0;
		};
/* End PBXResourcesBuildPhase section */

/* Begin PBXSourcesBuildPhase section */
		39C925D622DED3E70084579B /* Sources */ = {
			isa = PBXSourcesBuildPhase;
			buildActionMask = 2147483647;
			files = (
				39C925DE22DED3E70084579B /* AppDelegate.swift in Sources */,
				39C925F022DED9B60084579B /* TableViewController.swift in Sources */,
			);
			runOnlyForDeploymentPostprocessing = 0;
		};
/* End PBXSourcesBuildPhase section */

/* Begin PBXVariantGroup section */
		39C925E122DED3E70084579B /* Main.storyboard */ = {
			isa = PBXVariantGroup;
			children = (
				39C925E222DED3E70084579B /* Base */,
			);
			name = Main.storyboard;
			sourceTree = "<group>";
		};
		39C925E622DED3E90084579B /* LaunchScreen.storyboard */ = {
			isa = PBXVariantGroup;
			children = (
				39C925E722DED3E90084579B /* Base */,
			);
			name = LaunchScreen.storyboard;
			sourceTree = "<group>";
		};
/* End PBXVariantGroup section */

/* Begin XCBuildConfiguration section */
		39C925EA22DED3E90084579B /* Debug */ = {
			isa = XCBuildConfiguration;
			buildSettings = {
				ALWAYS_SEARCH_USER_PATHS = NO;
				CLANG_ANALYZER_NONNULL = YES;
				CLANG_ANALYZER_NUMBER_OBJECT_CONVERSION = YES_AGGRESSIVE;
				CLANG_CXX_LANGUAGE_STANDARD = "gnu++14";
				CLANG_CXX_LIBRARY = "libc++";
				CLANG_ENABLE_MODULES = YES;
				CLANG_ENABLE_OBJC_ARC = YES;
				CLANG_ENABLE_OBJC_WEAK = YES;
				CLANG_WARN_BLOCK_CAPTURE_AUTORELEASING = YES;
				CLANG_WARN_BOOL_CONVERSION = YES;
				CLANG_WARN_COMMA = YES;
				CLANG_WARN_CONSTANT_CONVERSION = YES;
				CLANG_WARN_DEPRECATED_OBJC_IMPLEMENTATIONS = YES;
				CLANG_WARN_DIRECT_OBJC_ISA_USAGE = YES_ERROR;
				CLANG_WARN_DOCUMENTATION_COMMENTS = YES;
				CLANG_WARN_EMPTY_BODY = YES;
				CLANG_WARN_ENUM_CONVERSION = YES;
				CLANG_WARN_INFINITE_RECURSION = YES;
				CLANG_WARN_INT_CONVERSION = YES;
				CLANG_WARN_NON_LITERAL_NULL_CONVERSION = YES;
				CLANG_WARN_OBJC_IMPLICIT_RETAIN_SELF = YES;
				CLANG_WARN_OBJC_LITERAL_CONVERSION = YES;
				CLANG_WARN_OBJC_ROOT_CLASS = YES_ERROR;
				CLANG_WARN_RANGE_LOOP_ANALYSIS = YES;
				CLANG_WARN_STRICT_PROTOTYPES = YES;
				CLANG_WARN_SUSPICIOUS_MOVE = YES;
				CLANG_WARN_UNGUARDED_AVAILABILITY = YES_AGGRESSIVE;
				CLANG_WARN_UNREACHABLE_CODE = YES;
				CLANG_WARN__DUPLICATE_METHOD_MATCH = YES;
				CODE_SIGN_IDENTITY = "iPhone Developer";
				COPY_PHASE_STRIP = NO;
				DEBUG_INFORMATION_FORMAT = dwarf;
				ENABLE_STRICT_OBJC_MSGSEND = YES;
				ENABLE_TESTABILITY = YES;
				GCC_C_LANGUAGE_STANDARD = gnu11;
				GCC_DYNAMIC_NO_PIC = NO;
				GCC_NO_COMMON_BLOCKS = YES;
				GCC_OPTIMIZATION_LEVEL = 0;
				GCC_PREPROCESSOR_DEFINITIONS = (
					"DEBUG=1",
					"$(inherited)",
				);
				GCC_WARN_64_TO_32_BIT_CONVERSION = YES;
				GCC_WARN_ABOUT_RETURN_TYPE = YES_ERROR;
				GCC_WARN_UNDECLARED_SELECTOR = YES;
				GCC_WARN_UNINITIALIZED_AUTOS = YES_AGGRESSIVE;
				GCC_WARN_UNUSED_FUNCTION = YES;
				GCC_WARN_UNUSED_VARIABLE = YES;
				IPHONEOS_DEPLOYMENT_TARGET = 12.2;
				MTL_ENABLE_DEBUG_INFO = INCLUDE_SOURCE;
				MTL_FAST_MATH = YES;
				ONLY_ACTIVE_ARCH = YES;
				SDKROOT = iphoneos;
				SWIFT_ACTIVE_COMPILATION_CONDITIONS = DEBUG;
				SWIFT_OPTIMIZATION_LEVEL = "-Onone";
			};
			name = Debug;
		};
		39C925EB22DED3E90084579B /* Release */ = {
			isa = XCBuildConfiguration;
			buildSettings = {
				ALWAYS_SEARCH_USER_PATHS = NO;
				CLANG_ANALYZER_NONNULL = YES;
				CLANG_ANALYZER_NUMBER_OBJECT_CONVERSION = YES_AGGRESSIVE;
				CLANG_CXX_LANGUAGE_STANDARD = "gnu++14";
				CLANG_CXX_LIBRARY = "libc++";
				CLANG_ENABLE_MODULES = YES;
				CLANG_ENABLE_OBJC_ARC = YES;
				CLANG_ENABLE_OBJC_WEAK = YES;
				CLANG_WARN_BLOCK_CAPTURE_AUTORELEASING = YES;
				CLANG_WARN_BOOL_CONVERSION = YES;
				CLANG_WARN_COMMA = YES;
				CLANG_WARN_CONSTANT_CONVERSION = YES;
				CLANG_WARN_DEPRECATED_OBJC_IMPLEMENTATIONS = YES;
				CLANG_WARN_DIRECT_OBJC_ISA_USAGE = YES_ERROR;
				CLANG_WARN_DOCUMENTATION_COMMENTS = YES;
				CLANG_WARN_EMPTY_BODY = YES;
				CLANG_WARN_ENUM_CONVERSION = YES;
				CLANG_WARN_INFINITE_RECURSION = YES;
				CLANG_WARN_INT_CONVERSION = YES;
				CLANG_WARN_NON_LITERAL_NULL_CONVERSION = YES;
				CLANG_WARN_OBJC_IMPLICIT_RETAIN_SELF = YES;
				CLANG_WARN_OBJC_LITERAL_CONVERSION = YES;
				CLANG_WARN_OBJC_ROOT_CLASS = YES_ERROR;
				CLANG_WARN_RANGE_LOOP_ANALYSIS = YES;
				CLANG_WARN_STRICT_PROTOTYPES = YES;
				CLANG_WARN_SUSPICIOUS_MOVE = YES;
				CLANG_WARN_UNGUARDED_AVAILABILITY = YES_AGGRESSIVE;
				CLANG_WARN_UNREACHABLE_CODE = YES;
				CLANG_WARN__DUPLICATE_METHOD_MATCH = YES;
				CODE_SIGN_IDENTITY = "iPhone Developer";
				COPY_PHASE_STRIP = NO;
				DEBUG_INFORMATION_FORMAT = "dwarf-with-dsym";
				ENABLE_NS_ASSERTIONS = NO;
				ENABLE_STRICT_OBJC_MSGSEND = YES;
				GCC_C_LANGUAGE_STANDARD = gnu11;
				GCC_NO_COMMON_BLOCKS = YES;
				GCC_WARN_64_TO_32_BIT_CONVERSION = YES;
				GCC_WARN_ABOUT_RETURN_TYPE = YES_ERROR;
				GCC_WARN_UNDECLARED_SELECTOR = YES;
				GCC_WARN_UNINITIALIZED_AUTOS = YES_AGGRESSIVE;
				GCC_WARN_UNUSED_FUNCTION = YES;
				GCC_WARN_UNUSED_VARIABLE = YES;
				IPHONEOS_DEPLOYMENT_TARGET = 12.2;
				MTL_ENABLE_DEBUG_INFO = NO;
				MTL_FAST_MATH = YES;
				SDKROOT = iphoneos;
				SWIFT_COMPILATION_MODE = wholemodule;
				SWIFT_OPTIMIZATION_LEVEL = "-O";
				VALIDATE_PRODUCT = YES;
			};
			name = Release;
		};
		39C925ED22DED3E90084579B /* Debug */ = {
			isa = XCBuildConfiguration;
			buildSettings = {
				ASSETCATALOG_COMPILER_APPICON_NAME = AppIcon;
				CODE_SIGN_STYLE = Automatic;
				DEVELOPMENT_TEAM = 8FMP37RQXC;
				INFOPLIST_FILE = UITableView.16/Info.plist;
				LD_RUNPATH_SEARCH_PATHS = (
					"$(inherited)",
					"@executable_path/Frameworks",
				);
				PRODUCT_BUNDLE_IDENTIFIER = "com.nikolaiostonal.UITableView-16";
				PRODUCT_NAME = "$(TARGET_NAME)";
				SWIFT_VERSION = 5.0;
				TARGETED_DEVICE_FAMILY = "1,2";
			};
			name = Debug;
		};
		39C925EE22DED3E90084579B /* Release */ = {
			isa = XCBuildConfiguration;
			buildSettings = {
				ASSETCATALOG_COMPILER_APPICON_NAME = AppIcon;
				CODE_SIGN_STYLE = Automatic;
				DEVELOPMENT_TEAM = 8FMP37RQXC;
				INFOPLIST_FILE = UITableView.16/Info.plist;
				LD_RUNPATH_SEARCH_PATHS = (
					"$(inherited)",
					"@executable_path/Frameworks",
				);
				PRODUCT_BUNDLE_IDENTIFIER = "com.nikolaiostonal.UITableView-16";
				PRODUCT_NAME = "$(TARGET_NAME)";
				SWIFT_VERSION = 5.0;
				TARGETED_DEVICE_FAMILY = "1,2";
			};
			name = Release;
		};
/* End XCBuildConfiguration section */

/* Begin XCConfigurationList section */
		39C925D522DED3E70084579B /* Build configuration list for PBXProject "UITableView.16" */ = {
			isa = XCConfigurationList;
			buildConfigurations = (
				39C925EA22DED3E90084579B /* Debug */,
				39C925EB22DED3E90084579B /* Release */,
			);
			defaultConfigurationIsVisible = 0;
			defaultConfigurationName = Release;
		};
		39C925EC22DED3E90084579B /* Build configuration list for PBXNativeTarget "UITableView.16" */ = {
			isa = XCConfigurationList;
			buildConfigurations = (
				39C925ED22DED3E90084579B /* Debug */,
				39C925EE22DED3E90084579B /* Release */,
			);
			defaultConfigurationIsVisible = 0;
			defaultConfigurationName = Release;
		};
/* End XCConfigurationList section */
	};
	rootObject = 39C925D222DED3E70084579B /* Project object */;
}
